
Microsoft Visual Studio Solution File, Format Version 10.00
# Visual Studio 2008
Project("{FAE04EC0-301F-11D3-BF4B-00C04F79EFBC}") = "Relinq", "Relinq\Relinq.csproj", "{1823BB22-494B-46C5-BDD5-D5B900029161}"
EndProject
Project("{FAE04EC0-301F-11D3-BF4B-00C04F79EFBC}") = "Relinq.Playground", "Relinq.Playground\Relinq.Playground.csproj", "{683C68A2-F28E-474C-B3F8-0D51F9C69F6F}"
EndProject
Global
	GlobalSection(SolutionConfigurationPlatforms) = preSolution
		Debug|Any CPU = Debug|Any CPU
		Release|Any CPU = Release|Any CPU
	EndGlobalSection
	GlobalSection(ProjectConfigurationPlatforms) = postSolution
		{1823BB22-494B-46C5-BDD5-D5B900029161}.Debug|Any CPU.ActiveCfg = Debug|Any CPU
		{1823BB22-494B-46C5-BDD5-D5B900029161}.Debug|Any CPU.Build.0 = Debug|Any CPU
		{1823BB22-494B-46C5-BDD5-D5B900029161}.Release|Any CPU.ActiveCfg = Release|Any CPU
		{1823BB22-494B-46C5-BDD5-D5B900029161}.Release|Any CPU.Build.0 = Release|Any CPU
		{683C68A2-F28E-474C-B3F8-0D51F9C69F6F}.Debug|Any CPU.ActiveCfg = Debug|Any CPU
		{683C68A2-F28E-474C-B3F8-0D51F9C69F6F}.Debug|Any CPU.Build.0 = Debug|Any CPU
		{683C68A2-F28E-474C-B3F8-0D51F9C69F6F}.Release|Any CPU.ActiveCfg = Release|Any CPU
		{683C68A2-F28E-474C-B3F8-0D51F9C69F6F}.Release|Any CPU.Build.0 = Release|Any CPU
	EndGlobalSection
	GlobalSection(SolutionProperties) = preSolution
		HideSolutionNode = FALSE
	EndGlobalSection
EndGlobal
